
Microsoft Visual Studio Solution File, Format Version 12.00
# Visual Studio Version 17
VisualStudioVersion = 17.3.32922.545
MinimumVisualStudioVersion = 10.0.40219.1
Project("{FAE04EC0-301F-11D3-BF4B-00C04F79EFBC}") = "ReservasTuristicas", "ReservasTuristicas.csproj", "{AE410B0F-0009-44D5-9E34-BDED44F459C8}"
EndProject
Global
	GlobalSection(SolutionConfigurationPlatforms) = preSolution
		Debug|Any CPU = Debug|Any CPU
		Release|Any CPU = Release|Any CPU
	EndGlobalSection
	GlobalSection(ProjectConfigurationPlatforms) = postSolution
		{AE410B0F-0009-44D5-9E34-BDED44F459C8}.Debug|Any CPU.ActiveCfg = Debug|Any CPU
		{AE410B0F-0009-44D5-9E34-BDED44F459C8}.Debug|Any CPU.Build.0 = Debug|Any CPU
		{AE410B0F-0009-44D5-9E34-BDED44F459C8}.Release|Any CPU.ActiveCfg = Release|Any CPU
		{AE410B0F-0009-44D5-9E34-BDED44F459C8}.Release|Any CPU.Build.0 = Release|Any CPU
	EndGlobalSection
	GlobalSection(SolutionProperties) = preSolution
		HideSolutionNode = FALSE
	EndGlobalSection
	GlobalSection(ExtensibilityGlobals) = postSolution
		SolutionGuid = {53E8F85A-85D2-49BE-9C2F-4176AB8D4FF8}
	EndGlobalSection
EndGlobal
